// !$*UTF8*$!
{
	archiveVersion = 1;
	classes = {
	};
	objectVersion = 56;
	objects = {

/* Begin PBXBuildFile section */
		1C5FB4E229ECF50C000FBE9D /* AppDelegate.swift in Sources */ = {isa = PBXBuildFile; fileRef = 1C5FB4E129ECF50C000FBE9D /* AppDelegate.swift */; };
		1C5FB4E429ECF50C000FBE9D /* SceneDelegate.swift in Sources */ = {isa = PBXBuildFile; fileRef = 1C5FB4E329ECF50C000FBE9D /* SceneDelegate.swift */; };
		1C5FB4E629ECF50C000FBE9D /* ViewController.swift in Sources */ = {isa = PBXBuildFile; fileRef = 1C5FB4E529ECF50C000FBE9D /* ViewController.swift */; };
		1C5FB4E929ECF50C000FBE9D /* Main.storyboard in Resources */ = {isa = PBXBuildFile; fileRef = 1C5FB4E729ECF50C000FBE9D /* Main.storyboard */; };
		1C5FB4EB29ECF50D000FBE9D /* Assets.xcassets in Resources */ = {isa = PBXBuildFile; fileRef = 1C5FB4EA29ECF50D000FBE9D /* Assets.xcassets */; };
		1C5FB4EE29ECF50D000FBE9D /* LaunchScreen.storyboard in Resources */ = {isa = PBXBuildFile; fileRef = 1C5FB4EC29ECF50D000FBE9D /* LaunchScreen.storyboard */; };
		1C5FB4F929ECF50D000FBE9D /* Cat_breedsTests.swift in Sources */ = {isa = PBXBuildFile; fileRef = 1C5FB4F829ECF50D000FBE9D /* Cat_breedsTests.swift */; };
		1C5FB50329ECF50D000FBE9D /* Cat_breedsUITests.swift in Sources */ = {isa = PBXBuildFile; fileRef = 1C5FB50229ECF50D000FBE9D /* Cat_breedsUITests.swift */; };
		1C5FB50529ECF50D000FBE9D /* Cat_breedsUITestsLaunchTests.swift in Sources */ = {isa = PBXBuildFile; fileRef = 1C5FB50429ECF50D000FBE9D /* Cat_breedsUITestsLaunchTests.swift */; };
/* End PBXBuildFile section */

/* Begin PBXContainerItemProxy section */
		1C5FB4F529ECF50D000FBE9D /* PBXContainerItemProxy */ = {
			isa = PBXContainerItemProxy;
			containerPortal = 1C5FB4D629ECF50C000FBE9D /* Project object */;
			proxyType = 1;
			remoteGlobalIDString = 1C5FB4DD29ECF50C000FBE9D;
			remoteInfo = Cat_breeds;
		};
		1C5FB4FF29ECF50D000FBE9D /* PBXContainerItemProxy */ = {
			isa = PBXContainerItemProxy;
			containerPortal = 1C5FB4D629ECF50C000FBE9D /* Project object */;
			proxyType = 1;
			remoteGlobalIDString = 1C5FB4DD29ECF50C000FBE9D;
			remoteInfo = Cat_breeds;
		};
/* End PBXContainerItemProxy section */

/* Begin PBXFileReference section */
		1C5FB4DE29ECF50C000FBE9D /* Cat_breeds.app */ = {isa = PBXFileReference; explicitFileType = wrapper.application; includeInIndex = 0; path = Cat_breeds.app; sourceTree = BUILT_PRODUCTS_DIR; };
		1C5FB4E129ECF50C000FBE9D /* AppDelegate.swift */ = {isa = PBXFileReference; lastKnownFileType = sourcecode.swift; path = AppDelegate.swift; sourceTree = "<group>"; };
		1C5FB4E329ECF50C000FBE9D /* SceneDelegate.swift */ = {isa = PBXFileReference; lastKnownFileType = sourcecode.swift; path = SceneDelegate.swift; sourceTree = "<group>"; };
		1C5FB4E529ECF50C000FBE9D /* ViewController.swift */ = {isa = PBXFileReference; lastKnownFileType = sourcecode.swift; path = ViewController.swift; sourceTree = "<group>"; };
		1C5FB4E829ECF50C000FBE9D /* Base */ = {isa = PBXFileReference; lastKnownFileType = file.storyboard; name = Base; path = Base.lproj/Main.storyboard; sourceTree = "<group>"; };
		1C5FB4EA29ECF50D000FBE9D /* Assets.xcassets */ = {isa = PBXFileReference; lastKnownFileType = folder.assetcatalog; path = Assets.xcassets; sourceTree = "<group>"; };
		1C5FB4ED29ECF50D000FBE9D /* Base */ = {isa = PBXFileReference; lastKnownFileType = file.storyboard; name = Base; path = Base.lproj/LaunchScreen.storyboard; sourceTree = "<group>"; };
		1C5FB4EF29ECF50D000FBE9D /* Info.plist */ = {isa = PBXFileReference; lastKnownFileType = text.plist.xml; path = Info.plist; sourceTree = "<group>"; };
		1C5FB4F429ECF50D000FBE9D /* Cat_breedsTests.xctest */ = {isa = PBXFileReference; explicitFileType = wrapper.cfbundle; includeInIndex = 0; path = Cat_breedsTests.xctest; sourceTree = BUILT_PRODUCTS_DIR; };
		1C5FB4F829ECF50D000FBE9D /* Cat_breedsTests.swift */ = {isa = PBXFileReference; lastKnownFileType = sourcecode.swift; path = Cat_breedsTests.swift; sourceTree = "<group>"; };
		1C5FB4FE29ECF50D000FBE9D /* Cat_breedsUITests.xctest */ = {isa = PBXFileReference; explicitFileType = wrapper.cfbundle; includeInIndex = 0; path = Cat_breedsUITests.xctest; sourceTree = BUILT_PRODUCTS_DIR; };
		1C5FB50229ECF50D000FBE9D /* Cat_breedsUITests.swift */ = {isa = PBXFileReference; lastKnownFileType = sourcecode.swift; path = Cat_breedsUITests.swift; sourceTree = "<group>"; };
		1C5FB50429ECF50D000FBE9D /* Cat_breedsUITestsLaunchTests.swift */ = {isa = PBXFileReference; lastKnownFileType = sourcecode.swift; path = Cat_breedsUITestsLaunchTests.swift; sourceTree = "<group>"; };
/* End PBXFileReference section */

/* Begin PBXFrameworksBuildPhase section */
		1C5FB4DB29ECF50C000FBE9D /* Frameworks */ = {
			isa = PBXFrameworksBuildPhase;
			buildActionMask = 2147483647;
			files = (
			);
			runOnlyForDeploymentPostprocessing = 0;
		};
		1C5FB4F129ECF50D000FBE9D /* Frameworks */ = {
			isa = PBXFrameworksBuildPhase;
			buildActionMask = 2147483647;
			files = (
			);
			runOnlyForDeploymentPostprocessing = 0;
		};
		1C5FB4FB29ECF50D000FBE9D /* Frameworks */ = {
			isa = PBXFrameworksBuildPhase;
			buildActionMask = 2147483647;
			files = (
			);
			runOnlyForDeploymentPostprocessing = 0;
		};
/* End PBXFrameworksBuildPhase section */

/* Begin PBXGroup section */
		1C5FB4D529ECF50C000FBE9D = {
			isa = PBXGroup;
			children = (
				1C5FB4E029ECF50C000FBE9D /* Cat_breeds */,
				1C5FB4F729ECF50D000FBE9D /* Cat_breedsTests */,
				1C5FB50129ECF50D000FBE9D /* Cat_breedsUITests */,
				1C5FB4DF29ECF50C000FBE9D /* Products */,
			);
			sourceTree = "<group>";
		};
		1C5FB4DF29ECF50C000FBE9D /* Products */ = {
			isa = PBXGroup;
			children = (
				1C5FB4DE29ECF50C000FBE9D /* Cat_breeds.app */,
				1C5FB4F429ECF50D000FBE9D /* Cat_breedsTests.xctest */,
				1C5FB4FE29ECF50D000FBE9D /* Cat_breedsUITests.xctest */,
			);
			name = Products;
			sourceTree = "<group>";
		};
		1C5FB4E029ECF50C000FBE9D /* Cat_breeds */ = {
			isa = PBXGroup;
			children = (
				1C5FB4E129ECF50C000FBE9D /* AppDelegate.swift */,
				1C5FB4E329ECF50C000FBE9D /* SceneDelegate.swift */,
				1C5FB4E529ECF50C000FBE9D /* ViewController.swift */,
				1C5FB4E729ECF50C000FBE9D /* Main.storyboard */,
				1C5FB4EA29ECF50D000FBE9D /* Assets.xcassets */,
				1C5FB4EC29ECF50D000FBE9D /* LaunchScreen.storyboard */,
				1C5FB4EF29ECF50D000FBE9D /* Info.plist */,
			);
			path = Cat_breeds;
			sourceTree = "<group>";
		};
		1C5FB4F729ECF50D000FBE9D /* Cat_breedsTests */ = {
			isa = PBXGroup;
			children = (
				1C5FB4F829ECF50D000FBE9D /* Cat_breedsTests.swift */,
			);
			path = Cat_breedsTests;
			sourceTree = "<group>";
		};
		1C5FB50129ECF50D000FBE9D /* Cat_breedsUITests */ = {
			isa = PBXGroup;
			children = (
				1C5FB50229ECF50D000FBE9D /* Cat_breedsUITests.swift */,
				1C5FB50429ECF50D000FBE9D /* Cat_breedsUITestsLaunchTests.swift */,
			);
			path = Cat_breedsUITests;
			sourceTree = "<group>";
		};
/* End PBXGroup section */

/* Begin PBXNativeTarget section */
		1C5FB4DD29ECF50C000FBE9D /* Cat_breeds */ = {
			isa = PBXNativeTarget;
			buildConfigurationList = 1C5FB50829ECF50D000FBE9D /* Build configuration list for PBXNativeTarget "Cat_breeds" */;
			buildPhases = (
				1C5FB4DA29ECF50C000FBE9D /* Sources */,
				1C5FB4DB29ECF50C000FBE9D /* Frameworks */,
				1C5FB4DC29ECF50C000FBE9D /* Resources */,
			);
			buildRules = (
			);
			dependencies = (
			);
			name = Cat_breeds;
			productName = Cat_breeds;
			productReference = 1C5FB4DE29ECF50C000FBE9D /* Cat_breeds.app */;
			productType = "com.apple.product-type.application";
		};
		1C5FB4F329ECF50D000FBE9D /* Cat_breedsTests */ = {
			isa = PBXNativeTarget;
			buildConfigurationList = 1C5FB50B29ECF50D000FBE9D /* Build configuration list for PBXNativeTarget "Cat_breedsTests" */;
			buildPhases = (
				1C5FB4F029ECF50D000FBE9D /* Sources */,
				1C5FB4F129ECF50D000FBE9D /* Frameworks */,
				1C5FB4F229ECF50D000FBE9D /* Resources */,
			);
			buildRules = (
			);
			dependencies = (
				1C5FB4F629ECF50D000FBE9D /* PBXTargetDependency */,
			);
			name = Cat_breedsTests;
			productName = Cat_breedsTests;
			productReference = 1C5FB4F429ECF50D000FBE9D /* Cat_breedsTests.xctest */;
			productType = "com.apple.product-type.bundle.unit-test";
		};
		1C5FB4FD29ECF50D000FBE9D /* Cat_breedsUITests */ = {
			isa = PBXNativeTarget;
			buildConfigurationList = 1C5FB50E29ECF50D000FBE9D /* Build configuration list for PBXNativeTarget "Cat_breedsUITests" */;
			buildPhases = (
				1C5FB4FA29ECF50D000FBE9D /* Sources */,
				1C5FB4FB29ECF50D000FBE9D /* Frameworks */,
				1C5FB4FC29ECF50D000FBE9D /* Resources */,
			);
			buildRules = (
			);
			dependencies = (
				1C5FB50029ECF50D000FBE9D /* PBXTargetDependency */,
			);
			name = Cat_breedsUITests;
			productName = Cat_breedsUITests;
			productReference = 1C5FB4FE29ECF50D000FBE9D /* Cat_breedsUITests.xctest */;
			productType = "com.apple.product-type.bundle.ui-testing";
		};
/* End PBXNativeTarget section */

/* Begin PBXProject section */
		1C5FB4D629ECF50C000FBE9D /* Project object */ = {
			isa = PBXProject;
			attributes = {
				BuildIndependentTargetsInParallel = 1;
				LastSwiftUpdateCheck = 1430;
				LastUpgradeCheck = 1430;
				TargetAttributes = {
					1C5FB4DD29ECF50C000FBE9D = {
						CreatedOnToolsVersion = 14.3;
					};
					1C5FB4F329ECF50D000FBE9D = {
						CreatedOnToolsVersion = 14.3;
						TestTargetID = 1C5FB4DD29ECF50C000FBE9D;
					};
					1C5FB4FD29ECF50D000FBE9D = {
						CreatedOnToolsVersion = 14.3;
						TestTargetID = 1C5FB4DD29ECF50C000FBE9D;
					};
				};
			};
			buildConfigurationList = 1C5FB4D929ECF50C000FBE9D /* Build configuration list for PBXProject "Cat_breeds" */;
			compatibilityVersion = "Xcode 14.0";
			developmentRegion = en;
			hasScannedForEncodings = 0;
			knownRegions = (
				en,
				Base,
			);
			mainGroup = 1C5FB4D529ECF50C000FBE9D;
			productRefGroup = 1C5FB4DF29ECF50C000FBE9D /* Products */;
			projectDirPath = "";
			projectRoot = "";
			targets = (
				1C5FB4DD29ECF50C000FBE9D /* Cat_breeds */,
				1C5FB4F329ECF50D000FBE9D /* Cat_breedsTests */,
				1C5FB4FD29ECF50D000FBE9D /* Cat_breedsUITests */,
			);
		};
/* End PBXProject section */

/* Begin PBXResourcesBuildPhase section */
		1C5FB4DC29ECF50C000FBE9D /* Resources */ = {
			isa = PBXResourcesBuildPhase;
			buildActionMask = 2147483647;
			files = (
				1C5FB4EE29ECF50D000FBE9D /* LaunchScreen.storyboard in Resources */,
				1C5FB4EB29ECF50D000FBE9D /* Assets.xcassets in Resources */,
				1C5FB4E929ECF50C000FBE9D /* Main.storyboard in Resources */,
			);
			runOnlyForDeploymentPostprocessing = 0;
		};
		1C5FB4F229ECF50D000FBE9D /* Resources */ = {
			isa = PBXResourcesBuildPhase;
			buildActionMask = 2147483647;
			files = (
			);
			runOnlyForDeploymentPostprocessing = 0;
		};
		1C5FB4FC29ECF50D000FBE9D /* Resources */ = {
			isa = PBXResourcesBuildPhase;
			buildActionMask = 2147483647;
			files = (
			);
			runOnlyForDeploymentPostprocessing = 0;
		};
/* End PBXResourcesBuildPhase section */

/* Begin PBXSourcesBuildPhase section */
		1C5FB4DA29ECF50C000FBE9D /* Sources */ = {
			isa = PBXSourcesBuildPhase;
			buildActionMask = 2147483647;
			files = (
				1C5FB4E629ECF50C000FBE9D /* ViewController.swift in Sources */,
				1C5FB4E229ECF50C000FBE9D /* AppDelegate.swift in Sources */,
				1C5FB4E429ECF50C000FBE9D /* SceneDelegate.swift in Sources */,
			);
			runOnlyForDeploymentPostprocessing = 0;
		};
		1C5FB4F029ECF50D000FBE9D /* Sources */ = {
			isa = PBXSourcesBuildPhase;
			buildActionMask = 2147483647;
			files = (
				1C5FB4F929ECF50D000FBE9D /* Cat_breedsTests.swift in Sources */,
			);
			runOnlyForDeploymentPostprocessing = 0;
		};
		1C5FB4FA29ECF50D000FBE9D /* Sources */ = {
			isa = PBXSourcesBuildPhase;
			buildActionMask = 2147483647;
			files = (
				1C5FB50529ECF50D000FBE9D /* Cat_breedsUITestsLaunchTests.swift in Sources */,
				1C5FB50329ECF50D000FBE9D /* Cat_breedsUITests.swift in Sources */,
			);
			runOnlyForDeploymentPostprocessing = 0;
		};
/* End PBXSourcesBuildPhase section */

/* Begin PBXTargetDependency section */
		1C5FB4F629ECF50D000FBE9D /* PBXTargetDependency */ = {
			isa = PBXTargetDependency;
			target = 1C5FB4DD29ECF50C000FBE9D /* Cat_breeds */;
			targetProxy = 1C5FB4F529ECF50D000FBE9D /* PBXContainerItemProxy */;
		};
		1C5FB50029ECF50D000FBE9D /* PBXTargetDependency */ = {
			isa = PBXTargetDependency;
			target = 1C5FB4DD29ECF50C000FBE9D /* Cat_breeds */;
			targetProxy = 1C5FB4FF29ECF50D000FBE9D /* PBXContainerItemProxy */;
		};
/* End PBXTargetDependency section */

/* Begin PBXVariantGroup section */
		1C5FB4E729ECF50C000FBE9D /* Main.storyboard */ = {
			isa = PBXVariantGroup;
			children = (
				1C5FB4E829ECF50C000FBE9D /* Base */,
			);
			name = Main.storyboard;
			sourceTree = "<group>";
		};
		1C5FB4EC29ECF50D000FBE9D /* LaunchScreen.storyboard */ = {
			isa = PBXVariantGroup;
			children = (
				1C5FB4ED29ECF50D000FBE9D /* Base */,
			);
			name = LaunchScreen.storyboard;
			sourceTree = "<group>";
		};
/* End PBXVariantGroup section */

/* Begin XCBuildConfiguration section */
		1C5FB50629ECF50D000FBE9D /* Debug */ = {
			isa = XCBuildConfiguration;
			buildSettings = {
				ALWAYS_SEARCH_USER_PATHS = NO;
				CLANG_ANALYZER_NONNULL = YES;
				CLANG_ANALYZER_NUMBER_OBJECT_CONVERSION = YES_AGGRESSIVE;
				CLANG_CXX_LANGUAGE_STANDARD = "gnu++20";
				CLANG_ENABLE_MODULES = YES;
				CLANG_ENABLE_OBJC_ARC = YES;
				CLANG_ENABLE_OBJC_WEAK = YES;
				CLANG_WARN_BLOCK_CAPTURE_AUTORELEASING = YES;
				CLANG_WARN_BOOL_CONVERSION = YES;
				CLANG_WARN_COMMA = YES;
				CLANG_WARN_CONSTANT_CONVERSION = YES;
				CLANG_WARN_DEPRECATED_OBJC_IMPLEMENTATIONS = YES;
				CLANG_WARN_DIRECT_OBJC_ISA_USAGE = YES_ERROR;
				CLANG_WARN_DOCUMENTATION_COMMENTS = YES;
				CLANG_WARN_EMPTY_BODY = YES;
				CLANG_WARN_ENUM_CONVERSION = YES;
				CLANG_WARN_INFINITE_RECURSION = YES;
				CLANG_WARN_INT_CONVERSION = YES;
				CLANG_WARN_NON_LITERAL_NULL_CONVERSION = YES;
				CLANG_WARN_OBJC_IMPLICIT_RETAIN_SELF = YES;
				CLANG_WARN_OBJC_LITERAL_CONVERSION = YES;
				CLANG_WARN_OBJC_ROOT_CLASS = YES_ERROR;
				CLANG_WARN_QUOTED_INCLUDE_IN_FRAMEWORK_HEADER = YES;
				CLANG_WARN_RANGE_LOOP_ANALYSIS = YES;
				CLANG_WARN_STRICT_PROTOTYPES = YES;
				CLANG_WARN_SUSPICIOUS_MOVE = YES;
				CLANG_WARN_UNGUARDED_AVAILABILITY = YES_AGGRESSIVE;
				CLANG_WARN_UNREACHABLE_CODE = YES;
				CLANG_WARN__DUPLICATE_METHOD_MATCH = YES;
				COPY_PHASE_STRIP = NO;
				DEBUG_INFORMATION_FORMAT = dwarf;
				ENABLE_STRICT_OBJC_MSGSEND = YES;
				ENABLE_TESTABILITY = YES;
				GCC_C_LANGUAGE_STANDARD = gnu11;
				GCC_DYNAMIC_NO_PIC = NO;
				GCC_NO_COMMON_BLOCKS = YES;
				GCC_OPTIMIZATION_LEVEL = 0;
				GCC_PREPROCESSOR_DEFINITIONS = (
					"DEBUG=1",
					"$(inherited)",
				);
				GCC_WARN_64_TO_32_BIT_CONVERSION = YES;
				GCC_WARN_ABOUT_RETURN_TYPE = YES_ERROR;
				GCC_WARN_UNDECLARED_SELECTOR = YES;
				GCC_WARN_UNINITIALIZED_AUTOS = YES_AGGRESSIVE;
				GCC_WARN_UNUSED_FUNCTION = YES;
				GCC_WARN_UNUSED_VARIABLE = YES;
				IPHONEOS_DEPLOYMENT_TARGET = 16.4;
				MTL_ENABLE_DEBUG_INFO = INCLUDE_SOURCE;
				MTL_FAST_MATH = YES;
				ONLY_ACTIVE_ARCH = YES;
				SDKROOT = iphoneos;
				SWIFT_ACTIVE_COMPILATION_CONDITIONS = DEBUG;
				SWIFT_OPTIMIZATION_LEVEL = "-Onone";
			};
			name = Debug;
		};
		1C5FB50729ECF50D000FBE9D /* Release */ = {
			isa = XCBuildConfiguration;
			buildSettings = {
				ALWAYS_SEARCH_USER_PATHS = NO;
				CLANG_ANALYZER_NONNULL = YES;
				CLANG_ANALYZER_NUMBER_OBJECT_CONVERSION = YES_AGGRESSIVE;
				CLANG_CXX_LANGUAGE_STANDARD = "gnu++20";
				CLANG_ENABLE_MODULES = YES;
				CLANG_ENABLE_OBJC_ARC = YES;
				CLANG_ENABLE_OBJC_WEAK = YES;
				CLANG_WARN_BLOCK_CAPTURE_AUTORELEASING = YES;
				CLANG_WARN_BOOL_CONVERSION = YES;
				CLANG_WARN_COMMA = YES;
				CLANG_WARN_CONSTANT_CONVERSION = YES;
				CLANG_WARN_DEPRECATED_OBJC_IMPLEMENTATIONS = YES;
				CLANG_WARN_DIRECT_OBJC_ISA_USAGE = YES_ERROR;
				CLANG_WARN_DOCUMENTATION_COMMENTS = YES;
				CLANG_WARN_EMPTY_BODY = YES;
				CLANG_WARN_ENUM_CONVERSION = YES;
				CLANG_WARN_INFINITE_RECURSION = YES;
				CLANG_WARN_INT_CONVERSION = YES;
				CLANG_WARN_NON_LITERAL_NULL_CONVERSION = YES;
				CLANG_WARN_OBJC_IMPLICIT_RETAIN_SELF = YES;
				CLANG_WARN_OBJC_LITERAL_CONVERSION = YES;
				CLANG_WARN_OBJC_ROOT_CLASS = YES_ERROR;
				CLANG_WARN_QUOTED_INCLUDE_IN_FRAMEWORK_HEADER = YES;
				CLANG_WARN_RANGE_LOOP_ANALYSIS = YES;
				CLANG_WARN_STRICT_PROTOTYPES = YES;
				CLANG_WARN_SUSPICIOUS_MOVE = YES;
				CLANG_WARN_UNGUARDED_AVAILABILITY = YES_AGGRESSIVE;
				CLANG_WARN_UNREACHABLE_CODE = YES;
				CLANG_WARN__DUPLICATE_METHOD_MATCH = YES;
				COPY_PHASE_STRIP = NO;
				DEBUG_INFORMATION_FORMAT = "dwarf-with-dsym";
				ENABLE_NS_ASSERTIONS = NO;
				ENABLE_STRICT_OBJC_MSGSEND = YES;
				GCC_C_LANGUAGE_STANDARD = gnu11;
				GCC_NO_COMMON_BLOCKS = YES;
				GCC_WARN_64_TO_32_BIT_CONVERSION = YES;
				GCC_WARN_ABOUT_RETURN_TYPE = YES_ERROR;
				GCC_WARN_UNDECLARED_SELECTOR = YES;
				GCC_WARN_UNINITIALIZED_AUTOS = YES_AGGRESSIVE;
				GCC_WARN_UNUSED_FUNCTION = YES;
				GCC_WARN_UNUSED_VARIABLE = YES;
				IPHONEOS_DEPLOYMENT_TARGET = 16.4;
				MTL_ENABLE_DEBUG_INFO = NO;
				MTL_FAST_MATH = YES;
				SDKROOT = iphoneos;
				SWIFT_COMPILATION_MODE = wholemodule;
				SWIFT_OPTIMIZATION_LEVEL = "-O";
				VALIDATE_PRODUCT = YES;
			};
			name = Release;
		};
		1C5FB50929ECF50D000FBE9D /* Debug */ = {
			isa = XCBuildConfiguration;
			buildSettings = {
				ASSETCATALOG_COMPILER_APPICON_NAME = AppIcon;
				ASSETCATALOG_COMPILER_GLOBAL_ACCENT_COLOR_NAME = AccentColor;
				CODE_SIGN_STYLE = Automatic;
				CURRENT_PROJECT_VERSION = 1;
				DEVELOPMENT_TEAM = K6H8H2F87M;
				GENERATE_INFOPLIST_FILE = YES;
				INFOPLIST_FILE = Cat_breeds/Info.plist;
				INFOPLIST_KEY_UIApplicationSupportsIndirectInputEvents = YES;
				INFOPLIST_KEY_UILaunchStoryboardName = LaunchScreen;
				INFOPLIST_KEY_UIMainStoryboardFile = Main;
				INFOPLIST_KEY_UISupportedInterfaceOrientations_iPad = "UIInterfaceOrientationPortrait UIInterfaceOrientationPortraitUpsideDown UIInterfaceOrientationLandscapeLeft UIInterfaceOrientationLandscapeRight";
				INFOPLIST_KEY_UISupportedInterfaceOrientations_iPhone = "UIInterfaceOrientationPortrait UIInterfaceOrientationLandscapeLeft UIInterfaceOrientationLandscapeRight";
				LD_RUNPATH_SEARCH_PATHS = (
					"$(inherited)",
					"@executable_path/Frameworks",
				);
				MARKETING_VERSION = 1.0;
				PRODUCT_BUNDLE_IDENTIFIER = "com.michaelrodriguez.Cat-breeds";
				PRODUCT_NAME = "$(TARGET_NAME)";
				SWIFT_EMIT_LOC_STRINGS = YES;
				SWIFT_VERSION = 5.0;
				TARGETED_DEVICE_FAMILY = "1,2";
			};
			name = Debug;
		};
		1C5FB50A29ECF50D000FBE9D /* Release */ = {
			isa = XCBuildConfiguration;
			buildSettings = {
				ASSETCATALOG_COMPILER_APPICON_NAME = AppIcon;
				ASSETCATALOG_COMPILER_GLOBAL_ACCENT_COLOR_NAME = AccentColor;
				CODE_SIGN_STYLE = Automatic;
				CURRENT_PROJECT_VERSION = 1;
				DEVELOPMENT_TEAM = K6H8H2F87M;
				GENERATE_INFOPLIST_FILE = YES;
				INFOPLIST_FILE = Cat_breeds/Info.plist;
				INFOPLIST_KEY_UIApplicationSupportsIndirectInputEvents = YES;
				INFOPLIST_KEY_UILaunchStoryboardName = LaunchScreen;
				INFOPLIST_KEY_UIMainStoryboardFile = Main;
				INFOPLIST_KEY_UISupportedInterfaceOrientations_iPad = "UIInterfaceOrientationPortrait UIInterfaceOrientationPortraitUpsideDown UIInterfaceOrientationLandscapeLeft UIInterfaceOrientationLandscapeRight";
				INFOPLIST_KEY_UISupportedInterfaceOrientations_iPhone = "UIInterfaceOrientationPortrait UIInterfaceOrientationLandscapeLeft UIInterfaceOrientationLandscapeRight";
				LD_RUNPATH_SEARCH_PATHS = (
					"$(inherited)",
					"@executable_path/Frameworks",
				);
				MARKETING_VERSION = 1.0;
				PRODUCT_BUNDLE_IDENTIFIER = "com.michaelrodriguez.Cat-breeds";
				PRODUCT_NAME = "$(TARGET_NAME)";
				SWIFT_EMIT_LOC_STRINGS = YES;
				SWIFT_VERSION = 5.0;
				TARGETED_DEVICE_FAMILY = "1,2";
			};
			name = Release;
		};
		1C5FB50C29ECF50D000FBE9D /* Debug */ = {
			isa = XCBuildConfiguration;
			buildSettings = {
				ALWAYS_EMBED_SWIFT_STANDARD_LIBRARIES = YES;
				BUNDLE_LOADER = "$(TEST_HOST)";
				CODE_SIGN_STYLE = Automatic;
				CURRENT_PROJECT_VERSION = 1;
				DEVELOPMENT_TEAM = K6H8H2F87M;
				GENERATE_INFOPLIST_FILE = YES;
				IPHONEOS_DEPLOYMENT_TARGET = 16.4;
				MARKETING_VERSION = 1.0;
				PRODUCT_BUNDLE_IDENTIFIER = "com.michaelrodriguez.Cat-breedsTests";
				PRODUCT_NAME = "$(TARGET_NAME)";
				SWIFT_EMIT_LOC_STRINGS = NO;
				SWIFT_VERSION = 5.0;
				TARGETED_DEVICE_FAMILY = "1,2";
				TEST_HOST = "$(BUILT_PRODUCTS_DIR)/Cat_breeds.app/$(BUNDLE_EXECUTABLE_FOLDER_PATH)/Cat_breeds";
			};
			name = Debug;
		};
		1C5FB50D29ECF50D000FBE9D /* Release */ = {
			isa = XCBuildConfiguration;
			buildSettings = {
				ALWAYS_EMBED_SWIFT_STANDARD_LIBRARIES = YES;
				BUNDLE_LOADER = "$(TEST_HOST)";
				CODE_SIGN_STYLE = Automatic;
				CURRENT_PROJECT_VERSION = 1;
				DEVELOPMENT_TEAM = K6H8H2F87M;
				GENERATE_INFOPLIST_FILE = YES;
				IPHONEOS_DEPLOYMENT_TARGET = 16.4;
				MARKETING_VERSION = 1.0;
				PRODUCT_BUNDLE_IDENTIFIER = "com.michaelrodriguez.Cat-breedsTests";
				PRODUCT_NAME = "$(TARGET_NAME)";
				SWIFT_EMIT_LOC_STRINGS = NO;
				SWIFT_VERSION = 5.0;
				TARGETED_DEVICE_FAMILY = "1,2";
				TEST_HOST = "$(BUILT_PRODUCTS_DIR)/Cat_breeds.app/$(BUNDLE_EXECUTABLE_FOLDER_PATH)/Cat_breeds";
			};
			name = Release;
		};
		1C5FB50F29ECF50D000FBE9D /* Debug */ = {
			isa = XCBuildConfiguration;
			buildSettings = {
				ALWAYS_EMBED_SWIFT_STANDARD_LIBRARIES = YES;
				CODE_SIGN_STYLE = Automatic;
				CURRENT_PROJECT_VERSION = 1;
				DEVELOPMENT_TEAM = K6H8H2F87M;
				GENERATE_INFOPLIST_FILE = YES;
				MARKETING_VERSION = 1.0;
				PRODUCT_BUNDLE_IDENTIFIER = "com.michaelrodriguez.Cat-breedsUITests";
				PRODUCT_NAME = "$(TARGET_NAME)";
				SWIFT_EMIT_LOC_STRINGS = NO;
				SWIFT_VERSION = 5.0;
				TARGETED_DEVICE_FAMILY = "1,2";
				TEST_TARGET_NAME = Cat_breeds;
			};
			name = Debug;
		};
		1C5FB51029ECF50D000FBE9D /* Release */ = {
			isa = XCBuildConfiguration;
			buildSettings = {
				ALWAYS_EMBED_SWIFT_STANDARD_LIBRARIES = YES;
				CODE_SIGN_STYLE = Automatic;
				CURRENT_PROJECT_VERSION = 1;
				DEVELOPMENT_TEAM = K6H8H2F87M;
				GENERATE_INFOPLIST_FILE = YES;
				MARKETING_VERSION = 1.0;
				PRODUCT_BUNDLE_IDENTIFIER = "com.michaelrodriguez.Cat-breedsUITests";
				PRODUCT_NAME = "$(TARGET_NAME)";
				SWIFT_EMIT_LOC_STRINGS = NO;
				SWIFT_VERSION = 5.0;
				TARGETED_DEVICE_FAMILY = "1,2";
				TEST_TARGET_NAME = Cat_breeds;
			};
			name = Release;
		};
/* End XCBuildConfiguration section */

/* Begin XCConfigurationList section */
		1C5FB4D929ECF50C000FBE9D /* Build configuration list for PBXProject "Cat_breeds" */ = {
			isa = XCConfigurationList;
			buildConfigurations = (
				1C5FB50629ECF50D000FBE9D /* Debug */,
				1C5FB50729ECF50D000FBE9D /* Release */,
			);
			defaultConfigurationIsVisible = 0;
			defaultConfigurationName = Release;
		};
		1C5FB50829ECF50D000FBE9D /* Build configuration list for PBXNativeTarget "Cat_breeds" */ = {
			isa = XCConfigurationList;
			buildConfigurations = (
				1C5FB50929ECF50D000FBE9D /* Debug */,
				1C5FB50A29ECF50D000FBE9D /* Release */,
			);
			defaultConfigurationIsVisible = 0;
			defaultConfigurationName = Release;
		};
		1C5FB50B29ECF50D000FBE9D /* Build configuration list for PBXNativeTarget "Cat_breedsTests" */ = {
			isa = XCConfigurationList;
			buildConfigurations = (
				1C5FB50C29ECF50D000FBE9D /* Debug */,
				1C5FB50D29ECF50D000FBE9D /* Release */,
			);
			defaultConfigurationIsVisible = 0;
			defaultConfigurationName = Release;
		};
		1C5FB50E29ECF50D000FBE9D /* Build configuration list for PBXNativeTarget "Cat_breedsUITests" */ = {
			isa = XCConfigurationList;
			buildConfigurations = (
				1C5FB50F29ECF50D000FBE9D /* Debug */,
				1C5FB51029ECF50D000FBE9D /* Release */,
			);
			defaultConfigurationIsVisible = 0;
			defaultConfigurationName = Release;
		};
/* End XCConfigurationList section */
	};
	rootObject = 1C5FB4D629ECF50C000FBE9D /* Project object */;
}
